// !$*UTF8*$!
{
	archiveVersion = 1;
	classes = {
	};
	objectVersion = 48;
	objects = {

/* Begin PBXBuildFile section */
		5601E7952050F4CD0015354D /* AppDelegate.m in Sources */ = {isa = PBXBuildFile; fileRef = 5601E7942050F4CD0015354D /* AppDelegate.m */; };
		5601E79D2050F4CD0015354D /* Assets.xcassets in Resources */ = {isa = PBXBuildFile; fileRef = 5601E79C2050F4CD0015354D /* Assets.xcassets */; };
		5601E7A02050F4CD0015354D /* LaunchScreen.storyboard in Resources */ = {isa = PBXBuildFile; fileRef = 5601E79E2050F4CD0015354D /* LaunchScreen.storyboard */; };
		5601E7A32050F4CD0015354D /* main.m in Sources */ = {isa = PBXBuildFile; fileRef = 5601E7A22050F4CD0015354D /* main.m */; };
		56867A92206BC4BB00EE4E4E /* MainViewController.m in Sources */ = {isa = PBXBuildFile; fileRef = 56867A91206BC4BB00EE4E4E /* MainViewController.m */; };
		56867A9A206BC62D00EE4E4E /* SaveImageUtil.m in Sources */ = {isa = PBXBuildFile; fileRef = 56867A96206BC62D00EE4E4E /* SaveImageUtil.m */; };
		56867A9B206BC62D00EE4E4E /* test.html in Resources */ = {isa = PBXBuildFile; fileRef = 56867A97206BC62D00EE4E4E /* test.html */; };
		56867A9C206BC62D00EE4E4E /* WebViewController.m in Sources */ = {isa = PBXBuildFile; fileRef = 56867A99206BC62D00EE4E4E /* WebViewController.m */; };
/* End PBXBuildFile section */

/* Begin PBXFileReference section */
		5601E7902050F4CD0015354D /* OCJSDemo.app */ = {isa = PBXFileReference; explicitFileType = wrapper.application; includeInIndex = 0; path = OCJSDemo.app; sourceTree = BUILT_PRODUCTS_DIR; };
		5601E7932050F4CD0015354D /* AppDelegate.h */ = {isa = PBXFileReference; lastKnownFileType = sourcecode.c.h; path = AppDelegate.h; sourceTree = "<group>"; };
		5601E7942050F4CD0015354D /* AppDelegate.m */ = {isa = PBXFileReference; lastKnownFileType = sourcecode.c.objc; path = AppDelegate.m; sourceTree = "<group>"; };
		5601E79C2050F4CD0015354D /* Assets.xcassets */ = {isa = PBXFileReference; lastKnownFileType = folder.assetcatalog; path = Assets.xcassets; sourceTree = "<group>"; };
		5601E79F2050F4CD0015354D /* Base */ = {isa = PBXFileReference; lastKnownFileType = file.storyboard; name = Base; path = Base.lproj/LaunchScreen.storyboard; sourceTree = "<group>"; };
		5601E7A12050F4CD0015354D /* Info.plist */ = {isa = PBXFileReference; lastKnownFileType = text.plist.xml; path = Info.plist; sourceTree = "<group>"; };
		5601E7A22050F4CD0015354D /* main.m */ = {isa = PBXFileReference; lastKnownFileType = sourcecode.c.objc; path = main.m; sourceTree = "<group>"; };
		56867A90206BC4BB00EE4E4E /* MainViewController.h */ = {isa = PBXFileReference; lastKnownFileType = sourcecode.c.h; path = MainViewController.h; sourceTree = "<group>"; };
		56867A91206BC4BB00EE4E4E /* MainViewController.m */ = {isa = PBXFileReference; lastKnownFileType = sourcecode.c.objc; path = MainViewController.m; sourceTree = "<group>"; };
		56867A95206BC62D00EE4E4E /* SaveImageUtil.h */ = {isa = PBXFileReference; fileEncoding = 4; lastKnownFileType = sourcecode.c.h; path = SaveImageUtil.h; sourceTree = "<group>"; };
		56867A96206BC62D00EE4E4E /* SaveImageUtil.m */ = {isa = PBXFileReference; fileEncoding = 4; lastKnownFileType = sourcecode.c.objc; path = SaveImageUtil.m; sourceTree = "<group>"; };
		56867A97206BC62D00EE4E4E /* test.html */ = {isa = PBXFileReference; fileEncoding = 4; lastKnownFileType = text.html; path = test.html; sourceTree = "<group>"; };
		56867A98206BC62D00EE4E4E /* WebViewController.h */ = {isa = PBXFileReference; fileEncoding = 4; lastKnownFileType = sourcecode.c.h; path = WebViewController.h; sourceTree = "<group>"; };
		56867A99206BC62D00EE4E4E /* WebViewController.m */ = {isa = PBXFileReference; fileEncoding = 4; lastKnownFileType = sourcecode.c.objc; path = WebViewController.m; sourceTree = "<group>"; };
/* End PBXFileReference section */

/* Begin PBXFrameworksBuildPhase section */
		5601E78D2050F4CD0015354D /* Frameworks */ = {
			isa = PBXFrameworksBuildPhase;
			buildActionMask = 2147483647;
			files = (
			);
			runOnlyForDeploymentPostprocessing = 0;
		};
/* End PBXFrameworksBuildPhase section */

/* Begin PBXGroup section */
		5601E7872050F4CD0015354D = {
			isa = PBXGroup;
			children = (
				56867A93206BC62D00EE4E4E /* Classes */,
				5601E7922050F4CD0015354D /* OCJSDemo */,
				5601E7912050F4CD0015354D /* Products */,
			);
			sourceTree = "<group>";
		};
		5601E7912050F4CD0015354D /* Products */ = {
			isa = PBXGroup;
			children = (
				5601E7902050F4CD0015354D /* OCJSDemo.app */,
			);
			name = Products;
			sourceTree = "<group>";
		};
		5601E7922050F4CD0015354D /* OCJSDemo */ = {
			isa = PBXGroup;
			children = (
				5601E7932050F4CD0015354D /* AppDelegate.h */,
				5601E7942050F4CD0015354D /* AppDelegate.m */,
				5601E79C2050F4CD0015354D /* Assets.xcassets */,
				5601E79E2050F4CD0015354D /* LaunchScreen.storyboard */,
				5601E7A12050F4CD0015354D /* Info.plist */,
				5601E7A22050F4CD0015354D /* main.m */,
				56867A90206BC4BB00EE4E4E /* MainViewController.h */,
				56867A91206BC4BB00EE4E4E /* MainViewController.m */,
			);
			path = OCJSDemo;
			sourceTree = "<group>";
		};
		56867A93206BC62D00EE4E4E /* Classes */ = {
			isa = PBXGroup;
			children = (
				56867A94206BC62D00EE4E4E /* UIWebViewController */,
			);
			path = Classes;
			sourceTree = "<group>";
		};
		56867A94206BC62D00EE4E4E /* UIWebViewController */ = {
			isa = PBXGroup;
			children = (
				56867A95206BC62D00EE4E4E /* SaveImageUtil.h */,
				56867A96206BC62D00EE4E4E /* SaveImageUtil.m */,
				56867A97206BC62D00EE4E4E /* test.html */,
				56867A98206BC62D00EE4E4E /* WebViewController.h */,
				56867A99206BC62D00EE4E4E /* WebViewController.m */,
			);
			path = UIWebViewController;
			sourceTree = "<group>";
		};
/* End PBXGroup section */

/* Begin PBXNativeTarget section */
		5601E78F2050F4CD0015354D /* OCJSDemo */ = {
			isa = PBXNativeTarget;
			buildConfigurationList = 5601E7A62050F4CD0015354D /* Build configuration list for PBXNativeTarget "OCJSDemo" */;
			buildPhases = (
				5601E78C2050F4CD0015354D /* Sources */,
				5601E78D2050F4CD0015354D /* Frameworks */,
				5601E78E2050F4CD0015354D /* Resources */,
			);
			buildRules = (
			);
			dependencies = (
			);
			name = OCJSDemo;
			productName = OCJSDemo;
			productReference = 5601E7902050F4CD0015354D /* OCJSDemo.app */;
			productType = "com.apple.product-type.application";
		};
/* End PBXNativeTarget section */

/* Begin PBXProject section */
		5601E7882050F4CD0015354D /* Project object */ = {
			isa = PBXProject;
			attributes = {
				LastUpgradeCheck = 0920;
				ORGANIZATIONNAME = heweihua;
				TargetAttributes = {
					5601E78F2050F4CD0015354D = {
						CreatedOnToolsVersion = 9.2;
						ProvisioningStyle = Automatic;
					};
				};
			};
			buildConfigurationList = 5601E78B2050F4CD0015354D /* Build configuration list for PBXProject "OCJSDemo" */;
			compatibilityVersion = "Xcode 8.0";
			developmentRegion = en;
			hasScannedForEncodings = 0;
			knownRegions = (
				en,
				Base,
			);
			mainGroup = 5601E7872050F4CD0015354D;
			productRefGroup = 5601E7912050F4CD0015354D /* Products */;
			projectDirPath = "";
			projectRoot = "";
			targets = (
				5601E78F2050F4CD0015354D /* OCJSDemo */,
			);
		};
/* End PBXProject section */

/* Begin PBXResourcesBuildPhase section */
		5601E78E2050F4CD0015354D /* Resources */ = {
			isa = PBXResourcesBuildPhase;
			buildActionMask = 2147483647;
			files = (
				5601E7A02050F4CD0015354D /* LaunchScreen.storyboard in Resources */,
				5601E79D2050F4CD0015354D /* Assets.xcassets in Resources */,
				56867A9B206BC62D00EE4E4E /* test.html in Resources */,
			);
			runOnlyForDeploymentPostprocessing = 0;
		};
/* End PBXResourcesBuildPhase section */

/* Begin PBXSourcesBuildPhase section */
		5601E78C2050F4CD0015354D /* Sources */ = {
			isa = PBXSourcesBuildPhase;
			buildActionMask = 2147483647;
			files = (
				5601E7A32050F4CD0015354D /* main.m in Sources */,
				56867A9C206BC62D00EE4E4E /* WebViewController.m in Sources */,
				5601E7952050F4CD0015354D /* AppDelegate.m in Sources */,
				56867A9A206BC62D00EE4E4E /* SaveImageUtil.m in Sources */,
				56867A92206BC4BB00EE4E4E /* MainViewController.m in Sources */,
			);
			runOnlyForDeploymentPostprocessing = 0;
		};
/* End PBXSourcesBuildPhase section */

/* Begin PBXVariantGroup section */
		5601E79E2050F4CD0015354D /* LaunchScreen.storyboard */ = {
			isa = PBXVariantGroup;
			children = (
				5601E79F2050F4CD0015354D /* Base */,
			);
			name = LaunchScreen.storyboard;
			sourceTree = "<group>";
		};
/* End PBXVariantGroup section */

/* Begin XCBuildConfiguration section */
		5601E7A42050F4CD0015354D /* Debug */ = {
			isa = XCBuildConfiguration;
			buildSettings = {
				ALWAYS_SEARCH_USER_PATHS = NO;
				CLANG_ANALYZER_NONNULL = YES;
				CLANG_ANALYZER_NUMBER_OBJECT_CONVERSION = YES_AGGRESSIVE;
				CLANG_CXX_LANGUAGE_STANDARD = "gnu++14";
				CLANG_CXX_LIBRARY = "libc++";
				CLANG_ENABLE_MODULES = YES;
				CLANG_ENABLE_OBJC_ARC = YES;
				CLANG_WARN_BLOCK_CAPTURE_AUTORELEASING = YES;
				CLANG_WARN_BOOL_CONVERSION = YES;
				CLANG_WARN_COMMA = YES;
				CLANG_WARN_CONSTANT_CONVERSION = YES;
				CLANG_WARN_DIRECT_OBJC_ISA_USAGE = YES_ERROR;
				CLANG_WARN_DOCUMENTATION_COMMENTS = YES;
				CLANG_WARN_EMPTY_BODY = YES;
				CLANG_WARN_ENUM_CONVERSION = YES;
				CLANG_WARN_INFINITE_RECURSION = YES;
				CLANG_WARN_INT_CONVERSION = YES;
				CLANG_WARN_NON_LITERAL_NULL_CONVERSION = YES;
				CLANG_WARN_OBJC_LITERAL_CONVERSION = YES;
				CLANG_WARN_OBJC_ROOT_CLASS = YES_ERROR;
				CLANG_WARN_RANGE_LOOP_ANALYSIS = YES;
				CLANG_WARN_STRICT_PROTOTYPES = YES;
				CLANG_WARN_SUSPICIOUS_MOVE = YES;
				CLANG_WARN_UNGUARDED_AVAILABILITY = YES_AGGRESSIVE;
				CLANG_WARN_UNREACHABLE_CODE = YES;
				CLANG_WARN__DUPLICATE_METHOD_MATCH = YES;
				CODE_SIGN_IDENTITY = "iPhone Developer";
				COPY_PHASE_STRIP = NO;
				DEBUG_INFORMATION_FORMAT = dwarf;
				ENABLE_STRICT_OBJC_MSGSEND = YES;
				ENABLE_TESTABILITY = YES;
				GCC_C_LANGUAGE_STANDARD = gnu11;
				GCC_DYNAMIC_NO_PIC = NO;
				GCC_NO_COMMON_BLOCKS = YES;
				GCC_OPTIMIZATION_LEVEL = 0;
				GCC_PREPROCESSOR_DEFINITIONS = (
					"DEBUG=1",
					"$(inherited)",
				);
				GCC_WARN_64_TO_32_BIT_CONVERSION = YES;
				GCC_WARN_ABOUT_RETURN_TYPE = YES_ERROR;
				GCC_WARN_UNDECLARED_SELECTOR = YES;
				GCC_WARN_UNINITIALIZED_AUTOS = YES_AGGRESSIVE;
				GCC_WARN_UNUSED_FUNCTION = YES;
				GCC_WARN_UNUSED_VARIABLE = YES;
				IPHONEOS_DEPLOYMENT_TARGET = 11.2;
				MTL_ENABLE_DEBUG_INFO = YES;
				ONLY_ACTIVE_ARCH = YES;
				SDKROOT = iphoneos;
			};
			name = Debug;
		};
		5601E7A52050F4CD0015354D /* Release */ = {
			isa = XCBuildConfiguration;
			buildSettings = {
				ALWAYS_SEARCH_USER_PATHS = NO;
				CLANG_ANALYZER_NONNULL = YES;
				CLANG_ANALYZER_NUMBER_OBJECT_CONVERSION = YES_AGGRESSIVE;
				CLANG_CXX_LANGUAGE_STANDARD = "gnu++14";
				CLANG_CXX_LIBRARY = "libc++";
				CLANG_ENABLE_MODULES = YES;
				CLANG_ENABLE_OBJC_ARC = YES;
				CLANG_WARN_BLOCK_CAPTURE_AUTORELEASING = YES;
				CLANG_WARN_BOOL_CONVERSION = YES;
				CLANG_WARN_COMMA = YES;
				CLANG_WARN_CONSTANT_CONVERSION = YES;
				CLANG_WARN_DIRECT_OBJC_ISA_USAGE = YES_ERROR;
				CLANG_WARN_DOCUMENTATION_COMMENTS = YES;
				CLANG_WARN_EMPTY_BODY = YES;
				CLANG_WARN_ENUM_CONVERSION = YES;
				CLANG_WARN_INFINITE_RECURSION = YES;
				CLANG_WARN_INT_CONVERSION = YES;
				CLANG_WARN_NON_LITERAL_NULL_CONVERSION = YES;
				CLANG_WARN_OBJC_LITERAL_CONVERSION = YES;
				CLANG_WARN_OBJC_ROOT_CLASS = YES_ERROR;
				CLANG_WARN_RANGE_LOOP_ANALYSIS = YES;
				CLANG_WARN_STRICT_PROTOTYPES = YES;
				CLANG_WARN_SUSPICIOUS_MOVE = YES;
				CLANG_WARN_UNGUARDED_AVAILABILITY = YES_AGGRESSIVE;
				CLANG_WARN_UNREACHABLE_CODE = YES;
				CLANG_WARN__DUPLICATE_METHOD_MATCH = YES;
				CODE_SIGN_IDENTITY = "iPhone Developer";
				COPY_PHASE_STRIP = NO;
				DEBUG_INFORMATION_FORMAT = "dwarf-with-dsym";
				ENABLE_NS_ASSERTIONS = NO;
				ENABLE_STRICT_OBJC_MSGSEND = YES;
				GCC_C_LANGUAGE_STANDARD = gnu11;
				GCC_NO_COMMON_BLOCKS = YES;
				GCC_WARN_64_TO_32_BIT_CONVERSION = YES;
				GCC_WARN_ABOUT_RETURN_TYPE = YES_ERROR;
				GCC_WARN_UNDECLARED_SELECTOR = YES;
				GCC_WARN_UNINITIALIZED_AUTOS = YES_AGGRESSIVE;
				GCC_WARN_UNUSED_FUNCTION = YES;
				GCC_WARN_UNUSED_VARIABLE = YES;
				IPHONEOS_DEPLOYMENT_TARGET = 11.2;
				MTL_ENABLE_DEBUG_INFO = NO;
				SDKROOT = iphoneos;
				VALIDATE_PRODUCT = YES;
			};
			name = Release;
		};
		5601E7A72050F4CD0015354D /* Debug */ = {
			isa = XCBuildConfiguration;
			buildSettings = {
				ASSETCATALOG_COMPILER_APPICON_NAME = AppIcon;
				CODE_SIGN_STYLE = Automatic;
				DEVELOPMENT_TEAM = 5TKVHWTT79;
				INFOPLIST_FILE = OCJSDemo/Info.plist;
				IPHONEOS_DEPLOYMENT_TARGET = 9.0;
				LD_RUNPATH_SEARCH_PATHS = "$(inherited) @executable_path/Frameworks";
				PRODUCT_BUNDLE_IDENTIFIER = com.hua.OCJSDemo;
				PRODUCT_NAME = "$(TARGET_NAME)";
				TARGETED_DEVICE_FAMILY = "1,2";
			};
			name = Debug;
		};
		5601E7A82050F4CD0015354D /* Release */ = {
			isa = XCBuildConfiguration;
			buildSettings = {
				ASSETCATALOG_COMPILER_APPICON_NAME = AppIcon;
				CODE_SIGN_STYLE = Automatic;
				DEVELOPMENT_TEAM = 5TKVHWTT79;
				INFOPLIST_FILE = OCJSDemo/Info.plist;
				IPHONEOS_DEPLOYMENT_TARGET = 9.0;
				LD_RUNPATH_SEARCH_PATHS = "$(inherited) @executable_path/Frameworks";
				PRODUCT_BUNDLE_IDENTIFIER = com.hua.OCJSDemo;
				PRODUCT_NAME = "$(TARGET_NAME)";
				TARGETED_DEVICE_FAMILY = "1,2";
			};
			name = Release;
		};
/* End XCBuildConfiguration section */

/* Begin XCConfigurationList section */
		5601E78B2050F4CD0015354D /* Build configuration list for PBXProject "OCJSDemo" */ = {
			isa = XCConfigurationList;
			buildConfigurations = (
				5601E7A42050F4CD0015354D /* Debug */,
				5601E7A52050F4CD0015354D /* Release */,
			);
			defaultConfigurationIsVisible = 0;
			defaultConfigurationName = Release;
		};
		5601E7A62050F4CD0015354D /* Build configuration list for PBXNativeTarget "OCJSDemo" */ = {
			isa = XCConfigurationList;
			buildConfigurations = (
				5601E7A72050F4CD0015354D /* Debug */,
				5601E7A82050F4CD0015354D /* Release */,
			);
			defaultConfigurationIsVisible = 0;
			defaultConfigurationName = Release;
		};
/* End XCConfigurationList section */
	};
	rootObject = 5601E7882050F4CD0015354D /* Project object */;
}
